// !$*UTF8*$!
{
	archiveVersion = 1;
	classes = {
	};
	objectVersion = 54;
	objects = {

/* Begin PBXBuildFile section */
		913833DA25DD645E001E3DBD /* CloudKit.framework in Frameworks */ = {isa = PBXBuildFile; fileRef = 913833D925DD645E001E3DBD /* CloudKit.framework */; };
		9154859B29A956EF0046D9D0 /* AdSupport.framework in Frameworks */ = {isa = PBXBuildFile; fileRef = 9114DED1299BC69C004550DF /* AdSupport.framework */; };
		91B1E60425D7D818000E1486 /* ExamplesAssemblies.swift in Sources */ = {isa = PBXBuildFile; fileRef = 91B1E60325D7D818000E1486 /* ExamplesAssemblies.swift */; };
		91B1E60825D7D82C000E1486 /* MoreAssembly.swift in Sources */ = {isa = PBXBuildFile; fileRef = 91B1E60725D7D82C000E1486 /* MoreAssembly.swift */; };
		91B1E63025D7DA9D000E1486 /* ExamplesCoordinator.swift in Sources */ = {isa = PBXBuildFile; fileRef = 91B1E62F25D7DA9D000E1486 /* ExamplesCoordinator.swift */; };
		91B1E63425D7DAAA000E1486 /* MoreCoordinator.swift in Sources */ = {isa = PBXBuildFile; fileRef = 91B1E63325D7DAAA000E1486 /* MoreCoordinator.swift */; };
		91B56B382631660C00EEB738 /* StoreKit.framework in Frameworks */ = {isa = PBXBuildFile; fileRef = 91B56B372631660C00EEB738 /* StoreKit.framework */; };
		91C00C7A25D2C72800FF97A2 /* AppDelegate.swift in Sources */ = {isa = PBXBuildFile; fileRef = 91C00C7925D2C72800FF97A2 /* AppDelegate.swift */; };
		91C00C7C25D2C72800FF97A2 /* SceneDelegate.swift in Sources */ = {isa = PBXBuildFile; fileRef = 91C00C7B25D2C72800FF97A2 /* SceneDelegate.swift */; };
		91C00C8625D2C72A00FF97A2 /* LaunchScreen.storyboard in Resources */ = {isa = PBXBuildFile; fileRef = 91C00C8425D2C72A00FF97A2 /* LaunchScreen.storyboard */; };
		91C00C9125D2C72A00FF97A2 /* RetouchMainTests.swift in Sources */ = {isa = PBXBuildFile; fileRef = 91C00C9025D2C72A00FF97A2 /* RetouchMainTests.swift */; };
		91C00C9C25D2C72A00FF97A2 /* RetouchMainUITests.swift in Sources */ = {isa = PBXBuildFile; fileRef = 91C00C9B25D2C72A00FF97A2 /* RetouchMainUITests.swift */; };
		91EE31DC261F09610069327F /* ForceAppUpdateCoordinator.swift in Sources */ = {isa = PBXBuildFile; fileRef = 91EE31DB261F09610069327F /* ForceAppUpdateCoordinator.swift */; };
		91F47BE625D2D5EC003DF40A /* HomeAssembly.swift in Sources */ = {isa = PBXBuildFile; fileRef = 91F47BE525D2D5EC003DF40A /* HomeAssembly.swift */; };
		91F47C9925D2DB13003DF40A /* AppCoordinator.swift in Sources */ = {isa = PBXBuildFile; fileRef = 91F47C9825D2DB13003DF40A /* AppCoordinator.swift */; };
		91F47C9D25D2DB48003DF40A /* MainTabBarCoordinator.swift in Sources */ = {isa = PBXBuildFile; fileRef = 91F47C9C25D2DB48003DF40A /* MainTabBarCoordinator.swift */; };
		91F47CA125D2EFCA003DF40A /* HomeCoordinator.swift in Sources */ = {isa = PBXBuildFile; fileRef = 91F47CA025D2EFCA003DF40A /* HomeCoordinator.swift */; };
		D196024627F0934200DBA675 /* GoogleService-Info.plist in Resources */ = {isa = PBXBuildFile; fileRef = D196024527F0934100DBA675 /* GoogleService-Info.plist */; };
		D1A0856F2814410F0086B60A /* Assets.xcassets in Resources */ = {isa = PBXBuildFile; fileRef = D1A0856E2814410F0086B60A /* Assets.xcassets */; };
		F426BF412DF33258008A0B36 /* RetouchNetworking in Frameworks */ = {isa = PBXBuildFile; productRef = F426BF402DF33258008A0B36 /* RetouchNetworking */; };
		F43941C02E0C21350056C538 /* FactoryTesting in Frameworks */ = {isa = PBXBuildFile; productRef = F43941BF2E0C21350056C538 /* FactoryTesting */; };
		F43B74372A6AAFE300E05184 /* AuthAssembly.swift in Sources */ = {isa = PBXBuildFile; fileRef = F43B74362A6AAFE300E05184 /* AuthAssembly.swift */; };
		F43B74392A6AAFF000E05184 /* AuthCoordinator.swift in Sources */ = {isa = PBXBuildFile; fileRef = F43B74382A6AAFF000E05184 /* AuthCoordinator.swift */; };
		F43B743C2A6AB02800E05184 /* ServiceFactory.swift in Sources */ = {isa = PBXBuildFile; fileRef = F43B743B2A6AB02800E05184 /* ServiceFactory.swift */; };
		F45A1AFE2DF0744F0061EEC0 /* Factory in Frameworks */ = {isa = PBXBuildFile; productRef = F45A1AFD2DF0744F0061EEC0 /* Factory */; };
		F45A1B002DF0744F0061EEC0 /* FactoryKit in Frameworks */ = {isa = PBXBuildFile; productRef = F45A1AFF2DF0744F0061EEC0 /* FactoryKit */; };
		F49023F62DF058C900A28387 /* RetouchImageLoader in Frameworks */ = {isa = PBXBuildFile; productRef = F49023F52DF058C900A28387 /* RetouchImageLoader */; };
		F4A942BF2DEF0CD200E6F516 /* RetouchNotificationBanner in Frameworks */ = {isa = PBXBuildFile; productRef = F4A942BE2DEF0CD200E6F516 /* RetouchNotificationBanner */; };
		F4B7821E2DF07B2C00D4E5CD /* ContainerConfiguration.swift in Sources */ = {isa = PBXBuildFile; fileRef = F4B7821D2DF07B2C00D4E5CD /* ContainerConfiguration.swift */; };
		F4B782202DF07B5D00D4E5CD /* RetouchAnalytics in Frameworks */ = {isa = PBXBuildFile; productRef = F4B7821F2DF07B5D00D4E5CD /* RetouchAnalytics */; };
		F4C18E322DEF06240053841C /* RetouchAuth in Frameworks */ = {isa = PBXBuildFile; productRef = F4C18E312DEF06240053841C /* RetouchAuth */; };
		F4C18E342DEF06240053841C /* RetouchDesignSystem in Frameworks */ = {isa = PBXBuildFile; productRef = F4C18E332DEF06240053841C /* RetouchDesignSystem */; };
		F4C18E362DEF06240053841C /* RetouchDomain in Frameworks */ = {isa = PBXBuildFile; productRef = F4C18E352DEF06240053841C /* RetouchDomain */; };
		F4C18E382DEF06240053841C /* RetouchExamples in Frameworks */ = {isa = PBXBuildFile; productRef = F4C18E372DEF06240053841C /* RetouchExamples */; };
		F4C18E3A2DEF06240053841C /* RetouchHome in Frameworks */ = {isa = PBXBuildFile; productRef = F4C18E392DEF06240053841C /* RetouchHome */; };
		F4C18E3C2DEF06240053841C /* RetouchMore in Frameworks */ = {isa = PBXBuildFile; productRef = F4C18E3B2DEF06240053841C /* RetouchMore */; };
		F4C18E3E2DEF06240053841C /* RetouchUtils in Frameworks */ = {isa = PBXBuildFile; productRef = F4C18E3D2DEF06240053841C /* RetouchUtils */; };
/* End PBXBuildFile section */

/* Begin PBXContainerItemProxy section */
		91C00C8D25D2C72A00FF97A2 /* PBXContainerItemProxy */ = {
			isa = PBXContainerItemProxy;
			containerPortal = 91C00C6E25D2C72800FF97A2 /* Project object */;
			proxyType = 1;
			remoteGlobalIDString = 91C00C7525D2C72800FF97A2;
			remoteInfo = RetouchMain;
		};
		91C00C9825D2C72A00FF97A2 /* PBXContainerItemProxy */ = {
			isa = PBXContainerItemProxy;
			containerPortal = 91C00C6E25D2C72800FF97A2 /* Project object */;
			proxyType = 1;
			remoteGlobalIDString = 91C00C7525D2C72800FF97A2;
			remoteInfo = RetouchMain;
		};
/* End PBXContainerItemProxy section */

/* Begin PBXFileReference section */
		9114DED1299BC69C004550DF /* AdSupport.framework */ = {isa = PBXFileReference; lastKnownFileType = wrapper.framework; name = AdSupport.framework; path = System/Library/Frameworks/AdSupport.framework; sourceTree = SDKROOT; };
		913833D625DD645B001E3DBD /* RetouchMain.entitlements */ = {isa = PBXFileReference; lastKnownFileType = text.plist.entitlements; path = RetouchMain.entitlements; sourceTree = "<group>"; };
		913833D925DD645E001E3DBD /* CloudKit.framework */ = {isa = PBXFileReference; lastKnownFileType = wrapper.framework; name = CloudKit.framework; path = System/Library/Frameworks/CloudKit.framework; sourceTree = SDKROOT; };
		91B1E60325D7D818000E1486 /* ExamplesAssemblies.swift */ = {isa = PBXFileReference; lastKnownFileType = sourcecode.swift; path = ExamplesAssemblies.swift; sourceTree = "<group>"; };
		91B1E60725D7D82C000E1486 /* MoreAssembly.swift */ = {isa = PBXFileReference; lastKnownFileType = sourcecode.swift; path = MoreAssembly.swift; sourceTree = "<group>"; };
		91B1E62F25D7DA9D000E1486 /* ExamplesCoordinator.swift */ = {isa = PBXFileReference; lastKnownFileType = sourcecode.swift; path = ExamplesCoordinator.swift; sourceTree = "<group>"; };
		91B1E63325D7DAAA000E1486 /* MoreCoordinator.swift */ = {isa = PBXFileReference; lastKnownFileType = sourcecode.swift; path = MoreCoordinator.swift; sourceTree = "<group>"; };
		91B56B372631660C00EEB738 /* StoreKit.framework */ = {isa = PBXFileReference; lastKnownFileType = wrapper.framework; name = StoreKit.framework; path = System/Library/Frameworks/StoreKit.framework; sourceTree = SDKROOT; };
		91C00C7625D2C72800FF97A2 /* RetouchMain.app */ = {isa = PBXFileReference; explicitFileType = wrapper.application; includeInIndex = 0; path = RetouchMain.app; sourceTree = BUILT_PRODUCTS_DIR; };
		91C00C7925D2C72800FF97A2 /* AppDelegate.swift */ = {isa = PBXFileReference; lastKnownFileType = sourcecode.swift; path = AppDelegate.swift; sourceTree = "<group>"; };
		91C00C7B25D2C72800FF97A2 /* SceneDelegate.swift */ = {isa = PBXFileReference; lastKnownFileType = sourcecode.swift; path = SceneDelegate.swift; sourceTree = "<group>"; };
		91C00C8525D2C72A00FF97A2 /* Base */ = {isa = PBXFileReference; lastKnownFileType = file.storyboard; name = Base; path = Base.lproj/LaunchScreen.storyboard; sourceTree = "<group>"; };
		91C00C8725D2C72A00FF97A2 /* Info.plist */ = {isa = PBXFileReference; lastKnownFileType = text.plist.xml; path = Info.plist; sourceTree = "<group>"; };
		91C00C8C25D2C72A00FF97A2 /* RetouchMainTests.xctest */ = {isa = PBXFileReference; explicitFileType = wrapper.cfbundle; includeInIndex = 0; path = RetouchMainTests.xctest; sourceTree = BUILT_PRODUCTS_DIR; };
		91C00C9025D2C72A00FF97A2 /* RetouchMainTests.swift */ = {isa = PBXFileReference; lastKnownFileType = sourcecode.swift; path = RetouchMainTests.swift; sourceTree = "<group>"; };
		91C00C9225D2C72A00FF97A2 /* Info.plist */ = {isa = PBXFileReference; lastKnownFileType = text.plist.xml; path = Info.plist; sourceTree = "<group>"; };
		91C00C9725D2C72A00FF97A2 /* RetouchMainUITests.xctest */ = {isa = PBXFileReference; explicitFileType = wrapper.cfbundle; includeInIndex = 0; path = RetouchMainUITests.xctest; sourceTree = BUILT_PRODUCTS_DIR; };
		91C00C9B25D2C72A00FF97A2 /* RetouchMainUITests.swift */ = {isa = PBXFileReference; lastKnownFileType = sourcecode.swift; path = RetouchMainUITests.swift; sourceTree = "<group>"; };
		91C00C9D25D2C72A00FF97A2 /* Info.plist */ = {isa = PBXFileReference; lastKnownFileType = text.plist.xml; path = Info.plist; sourceTree = "<group>"; };
		91EE31DB261F09610069327F /* ForceAppUpdateCoordinator.swift */ = {isa = PBXFileReference; lastKnownFileType = sourcecode.swift; path = ForceAppUpdateCoordinator.swift; sourceTree = "<group>"; };
		91F47BE525D2D5EC003DF40A /* HomeAssembly.swift */ = {isa = PBXFileReference; lastKnownFileType = sourcecode.swift; path = HomeAssembly.swift; sourceTree = "<group>"; };
		91F47C9825D2DB13003DF40A /* AppCoordinator.swift */ = {isa = PBXFileReference; lastKnownFileType = sourcecode.swift; path = AppCoordinator.swift; sourceTree = "<group>"; };
		91F47C9C25D2DB48003DF40A /* MainTabBarCoordinator.swift */ = {isa = PBXFileReference; lastKnownFileType = sourcecode.swift; path = MainTabBarCoordinator.swift; sourceTree = "<group>"; };
		91F47CA025D2EFCA003DF40A /* HomeCoordinator.swift */ = {isa = PBXFileReference; lastKnownFileType = sourcecode.swift; path = HomeCoordinator.swift; sourceTree = "<group>"; };
		D196024527F0934100DBA675 /* GoogleService-Info.plist */ = {isa = PBXFileReference; fileEncoding = 4; lastKnownFileType = text.plist.xml; path = "GoogleService-Info.plist"; sourceTree = "<group>"; };
		D1A0856E2814410F0086B60A /* Assets.xcassets */ = {isa = PBXFileReference; lastKnownFileType = folder.assetcatalog; path = Assets.xcassets; sourceTree = "<group>"; };
		F42770592DEEFBC6008BDBCA /* RetouchDomain */ = {isa = PBXFileReference; lastKnownFileType = wrapper; name = RetouchDomain; path = ../Core/RetouchDomain; sourceTree = SOURCE_ROOT; };
		F427705A2DEEFBD1008BDBCA /* RetouchUtils */ = {isa = PBXFileReference; lastKnownFileType = wrapper; name = RetouchUtils; path = ../Shared/RetouchUtils; sourceTree = SOURCE_ROOT; };
		F42770622DEEFD4D008BDBCA /* RetouchDesignSystem */ = {isa = PBXFileReference; lastKnownFileType = wrapper; name = RetouchDesignSystem; path = ../Shared/RetouchDesignSystem; sourceTree = SOURCE_ROOT; };
		F42770662DEEFF16008BDBCA /* RetouchMore */ = {isa = PBXFileReference; lastKnownFileType = wrapper; name = RetouchMore; path = ../Features/RetouchMore; sourceTree = SOURCE_ROOT; };
		F42770682DEEFFA1008BDBCA /* RetouchExamples */ = {isa = PBXFileReference; lastKnownFileType = wrapper; name = RetouchExamples; path = ../Features/RetouchExamples; sourceTree = SOURCE_ROOT; };
		F43B74362A6AAFE300E05184 /* AuthAssembly.swift */ = {isa = PBXFileReference; fileEncoding = 4; lastKnownFileType = sourcecode.swift; path = AuthAssembly.swift; sourceTree = "<group>"; };
		F43B74382A6AAFF000E05184 /* AuthCoordinator.swift */ = {isa = PBXFileReference; fileEncoding = 4; lastKnownFileType = sourcecode.swift; path = AuthCoordinator.swift; sourceTree = "<group>"; };
		F43B743B2A6AB02800E05184 /* ServiceFactory.swift */ = {isa = PBXFileReference; fileEncoding = 4; lastKnownFileType = sourcecode.swift; path = ServiceFactory.swift; sourceTree = "<group>"; };
		F45A1AFB2DF05E1D0061EEC0 /* RetouchAnalytics */ = {isa = PBXFileReference; lastKnownFileType = wrapper; path = RetouchAnalytics; sourceTree = "<group>"; };
		F46FE7B52DEF017000C0C9DA /* RetouchHome */ = {isa = PBXFileReference; lastKnownFileType = wrapper; name = RetouchHome; path = ../Features/RetouchHome; sourceTree = SOURCE_ROOT; };
		F4A942C02DF055ED00E6F516 /* RetouchImageLoader */ = {isa = PBXFileReference; lastKnownFileType = wrapper; path = RetouchImageLoader; sourceTree = "<group>"; };
		F4A942C12DF055ED00E6F516 /* RetouchNotificationBanner */ = {isa = PBXFileReference; lastKnownFileType = wrapper; path = RetouchNotificationBanner; sourceTree = "<group>"; };
		F4B7821D2DF07B2C00D4E5CD /* ContainerConfiguration.swift */ = {isa = PBXFileReference; lastKnownFileType = sourcecode.swift; path = ContainerConfiguration.swift; sourceTree = "<group>"; };
		F4B7829A2DF0914100D4E5CD /* RetouchNetworking */ = {isa = PBXFileReference; lastKnownFileType = wrapper; path = RetouchNetworking; sourceTree = "<group>"; };
		F4C18E302DEF03E60053841C /* RetouchAuth */ = {isa = PBXFileReference; lastKnownFileType = wrapper; name = RetouchAuth; path = ../Features/RetouchAuth; sourceTree = SOURCE_ROOT; };
		F4D652F02E0C196C001E54C9 /* Testing.framework */ = {isa = PBXFileReference; lastKnownFileType = wrapper.framework; name = Testing.framework; path = Platforms/iPhoneOS.platform/Developer/Library/Frameworks/Testing.framework; sourceTree = DEVELOPER_DIR; };
/* End PBXFileReference section */

/* Begin PBXFrameworksBuildPhase section */
		91C00C7325D2C72800FF97A2 /* Frameworks */ = {
			isa = PBXFrameworksBuildPhase;
			buildActionMask = 2147483647;
			files = (
				F4C18E382DEF06240053841C /* RetouchExamples in Frameworks */,
				F4C18E342DEF06240053841C /* RetouchDesignSystem in Frameworks */,
				F4B782202DF07B5D00D4E5CD /* RetouchAnalytics in Frameworks */,
				F426BF412DF33258008A0B36 /* RetouchNetworking in Frameworks */,
				F49023F62DF058C900A28387 /* RetouchImageLoader in Frameworks */,
				9154859B29A956EF0046D9D0 /* AdSupport.framework in Frameworks */,
				91B56B382631660C00EEB738 /* StoreKit.framework in Frameworks */,
				913833DA25DD645E001E3DBD /* CloudKit.framework in Frameworks */,
				F4A942BF2DEF0CD200E6F516 /* RetouchNotificationBanner in Frameworks */,
				F4C18E322DEF06240053841C /* RetouchAuth in Frameworks */,
				F4C18E3A2DEF06240053841C /* RetouchHome in Frameworks */,
				F4C18E3C2DEF06240053841C /* RetouchMore in Frameworks */,
				F45A1B002DF0744F0061EEC0 /* FactoryKit in Frameworks */,
				F45A1AFE2DF0744F0061EEC0 /* Factory in Frameworks */,
				F4C18E362DEF06240053841C /* RetouchDomain in Frameworks */,
				F4C18E3E2DEF06240053841C /* RetouchUtils in Frameworks */,
			);
			runOnlyForDeploymentPostprocessing = 0;
		};
		91C00C8925D2C72A00FF97A2 /* Frameworks */ = {
			isa = PBXFrameworksBuildPhase;
			buildActionMask = 2147483647;
			files = (
				F43941C02E0C21350056C538 /* FactoryTesting in Frameworks */,
			);
			runOnlyForDeploymentPostprocessing = 0;
		};
		91C00C9425D2C72A00FF97A2 /* Frameworks */ = {
			isa = PBXFrameworksBuildPhase;
			buildActionMask = 2147483647;
			files = (
			);
			runOnlyForDeploymentPostprocessing = 0;
		};
/* End PBXFrameworksBuildPhase section */

/* Begin PBXGroup section */
		46BDFEDF8308E69E540133F3 /* Frameworks */ = {
			isa = PBXGroup;
			children = (
				F4D652F02E0C196C001E54C9 /* Testing.framework */,
				9114DED1299BC69C004550DF /* AdSupport.framework */,
				91B56B372631660C00EEB738 /* StoreKit.framework */,
				913833D925DD645E001E3DBD /* CloudKit.framework */,
			);
			name = Frameworks;
			sourceTree = "<group>";
		};
		91C00C6D25D2C72800FF97A2 = {
			isa = PBXGroup;
			children = (
				F43AACA22E169ACA00CADDE9 /* Core */,
				F43AACA32E169AD200CADDE9 /* Shared */,
				F43AACA42E169AF600CADDE9 /* Features */,
				F4A942C22DF055ED00E6F516 /* 3-rd party adapters */,
				91C00C7825D2C72800FF97A2 /* RetouchMain */,
				91C00C9A25D2C72A00FF97A2 /* RetouchMainUITests */,
				91C00C7725D2C72800FF97A2 /* Products */,
				46BDFEDF8308E69E540133F3 /* Frameworks */,
			);
			sourceTree = "<group>";
		};
		91C00C7725D2C72800FF97A2 /* Products */ = {
			isa = PBXGroup;
			children = (
				91C00C7625D2C72800FF97A2 /* RetouchMain.app */,
				91C00C8C25D2C72A00FF97A2 /* RetouchMainTests.xctest */,
				91C00C9725D2C72A00FF97A2 /* RetouchMainUITests.xctest */,
			);
			name = Products;
			sourceTree = "<group>";
		};
		91C00C7825D2C72800FF97A2 /* RetouchMain */ = {
			isa = PBXGroup;
			children = (
				913833D625DD645B001E3DBD /* RetouchMain.entitlements */,
				91C00C7925D2C72800FF97A2 /* AppDelegate.swift */,
				91C00C7B25D2C72800FF97A2 /* SceneDelegate.swift */,
				F4B7821D2DF07B2C00D4E5CD /* ContainerConfiguration.swift */,
				F43B743A2A6AB00800E05184 /* ServiceFactory */,
				91F47BE425D2D5CF003DF40A /* Coordinators */,
				91F47BE325D2D5C6003DF40A /* Assemblies */,
				91C00C8425D2C72A00FF97A2 /* LaunchScreen.storyboard */,
				91C00C8725D2C72A00FF97A2 /* Info.plist */,
				D196024527F0934100DBA675 /* GoogleService-Info.plist */,
				D1A0856E2814410F0086B60A /* Assets.xcassets */,
				91C00C8F25D2C72A00FF97A2 /* RetouchMainTests */,
			);
			path = RetouchMain;
			sourceTree = "<group>";
		};
		91C00C8F25D2C72A00FF97A2 /* RetouchMainTests */ = {
			isa = PBXGroup;
			children = (
				91C00C9025D2C72A00FF97A2 /* RetouchMainTests.swift */,
				91C00C9225D2C72A00FF97A2 /* Info.plist */,
			);
			path = RetouchMainTests;
			sourceTree = "<group>";
		};
		91C00C9A25D2C72A00FF97A2 /* RetouchMainUITests */ = {
			isa = PBXGroup;
			children = (
				91C00C9B25D2C72A00FF97A2 /* RetouchMainUITests.swift */,
				91C00C9D25D2C72A00FF97A2 /* Info.plist */,
			);
			path = RetouchMainUITests;
			sourceTree = "<group>";
		};
		91F47BE325D2D5C6003DF40A /* Assemblies */ = {
			isa = PBXGroup;
			children = (
				F43B74362A6AAFE300E05184 /* AuthAssembly.swift */,
				91F47BE525D2D5EC003DF40A /* HomeAssembly.swift */,
				91B1E60325D7D818000E1486 /* ExamplesAssemblies.swift */,
				91B1E60725D7D82C000E1486 /* MoreAssembly.swift */,
			);
			path = Assemblies;
			sourceTree = "<group>";
		};
		91F47BE425D2D5CF003DF40A /* Coordinators */ = {
			isa = PBXGroup;
			children = (
				91F47C9825D2DB13003DF40A /* AppCoordinator.swift */,
				91F47C9C25D2DB48003DF40A /* MainTabBarCoordinator.swift */,
				F43B74382A6AAFF000E05184 /* AuthCoordinator.swift */,
				91F47CA025D2EFCA003DF40A /* HomeCoordinator.swift */,
				91EE31DB261F09610069327F /* ForceAppUpdateCoordinator.swift */,
				91B1E62F25D7DA9D000E1486 /* ExamplesCoordinator.swift */,
				91B1E63325D7DAAA000E1486 /* MoreCoordinator.swift */,
			);
			path = Coordinators;
			sourceTree = "<group>";
		};
		F43AACA22E169ACA00CADDE9 /* Core */ = {
			isa = PBXGroup;
			children = (
				F42770592DEEFBC6008BDBCA /* RetouchDomain */,
			);
			name = Core;
			path = ../Core;
			sourceTree = "<group>";
		};
		F43AACA32E169AD200CADDE9 /* Shared */ = {
			isa = PBXGroup;
			children = (
				F4B7829A2DF0914100D4E5CD /* RetouchNetworking */,
				F427705A2DEEFBD1008BDBCA /* RetouchUtils */,
				F42770622DEEFD4D008BDBCA /* RetouchDesignSystem */,
			);
			name = Shared;
			path = ../Shared;
			sourceTree = "<group>";
		};
		F43AACA42E169AF600CADDE9 /* Features */ = {
			isa = PBXGroup;
			children = (
				F4C18E302DEF03E60053841C /* RetouchAuth */,
				F46FE7B52DEF017000C0C9DA /* RetouchHome */,
				F42770662DEEFF16008BDBCA /* RetouchMore */,
				F42770682DEEFFA1008BDBCA /* RetouchExamples */,
			);
			name = Features;
			path = ../Features;
			sourceTree = "<group>";
		};
		F43B743A2A6AB00800E05184 /* ServiceFactory */ = {
			isa = PBXGroup;
			children = (
				F43B743B2A6AB02800E05184 /* ServiceFactory.swift */,
			);
			path = ServiceFactory;
			sourceTree = "<group>";
		};
		F4A942C22DF055ED00E6F516 /* 3-rd party adapters */ = {
			isa = PBXGroup;
			children = (
				F45A1AFB2DF05E1D0061EEC0 /* RetouchAnalytics */,
				F4A942C02DF055ED00E6F516 /* RetouchImageLoader */,
				F4A942C12DF055ED00E6F516 /* RetouchNotificationBanner */,
			);
			name = "3-rd party adapters";
			path = "../3-rd party adapters";
			sourceTree = SOURCE_ROOT;
		};
/* End PBXGroup section */

/* Begin PBXNativeTarget section */
		91C00C7525D2C72800FF97A2 /* RetouchMain */ = {
			isa = PBXNativeTarget;
			buildConfigurationList = 91C00CA025D2C72A00FF97A2 /* Build configuration list for PBXNativeTarget "RetouchMain" */;
			buildPhases = (
				91C00C7225D2C72800FF97A2 /* Sources */,
				91C00C7325D2C72800FF97A2 /* Frameworks */,
				91C00C7425D2C72800FF97A2 /* Resources */,
			);
			buildRules = (
			);
			dependencies = (
			);
			name = RetouchMain;
			productName = RetouchMain;
			productReference = 91C00C7625D2C72800FF97A2 /* RetouchMain.app */;
			productType = "com.apple.product-type.application";
		};
		91C00C8B25D2C72A00FF97A2 /* RetouchMainTests */ = {
			isa = PBXNativeTarget;
			buildConfigurationList = 91C00CA325D2C72A00FF97A2 /* Build configuration list for PBXNativeTarget "RetouchMainTests" */;
			buildPhases = (
				91C00C8825D2C72A00FF97A2 /* Sources */,
				91C00C8925D2C72A00FF97A2 /* Frameworks */,
				91C00C8A25D2C72A00FF97A2 /* Resources */,
			);
			buildRules = (
			);
			dependencies = (
				91C00C8E25D2C72A00FF97A2 /* PBXTargetDependency */,
			);
			name = RetouchMainTests;
			productName = RetouchMainTests;
			productReference = 91C00C8C25D2C72A00FF97A2 /* RetouchMainTests.xctest */;
			productType = "com.apple.product-type.bundle.unit-test";
		};
		91C00C9625D2C72A00FF97A2 /* RetouchMainUITests */ = {
			isa = PBXNativeTarget;
			buildConfigurationList = 91C00CA625D2C72A00FF97A2 /* Build configuration list for PBXNativeTarget "RetouchMainUITests" */;
			buildPhases = (
				91C00C9325D2C72A00FF97A2 /* Sources */,
				91C00C9425D2C72A00FF97A2 /* Frameworks */,
				91C00C9525D2C72A00FF97A2 /* Resources */,
			);
			buildRules = (
			);
			dependencies = (
				91C00C9925D2C72A00FF97A2 /* PBXTargetDependency */,
			);
			name = RetouchMainUITests;
			productName = RetouchMainUITests;
			productReference = 91C00C9725D2C72A00FF97A2 /* RetouchMainUITests.xctest */;
			productType = "com.apple.product-type.bundle.ui-testing";
		};
/* End PBXNativeTarget section */

/* Begin PBXProject section */
		91C00C6E25D2C72800FF97A2 /* Project object */ = {
			isa = PBXProject;
			attributes = {
				BuildIndependentTargetsInParallel = YES;
				KnownAssetTags = (
					New,
				);
				LastSwiftUpdateCheck = 1240;
				LastUpgradeCheck = 1630;
				TargetAttributes = {
					91C00C7525D2C72800FF97A2 = {
						CreatedOnToolsVersion = 12.4;
					};
					91C00C8B25D2C72A00FF97A2 = {
						CreatedOnToolsVersion = 12.4;
						TestTargetID = 91C00C7525D2C72800FF97A2;
					};
					91C00C9625D2C72A00FF97A2 = {
						CreatedOnToolsVersion = 12.4;
						TestTargetID = 91C00C7525D2C72800FF97A2;
					};
				};
			};
			buildConfigurationList = 91C00C7125D2C72800FF97A2 /* Build configuration list for PBXProject "RetouchMain" */;
			compatibilityVersion = "Xcode 9.3";
			developmentRegion = en;
			hasScannedForEncodings = 0;
			knownRegions = (
				en,
				Base,
			);
			mainGroup = 91C00C6D25D2C72800FF97A2;
			packageReferences = (
				F4D652E92E0C17C3001E54C9 /* XCRemoteSwiftPackageReference "Factory" */,
			);
			productRefGroup = 91C00C7725D2C72800FF97A2 /* Products */;
			projectDirPath = "";
			projectRoot = "";
			targets = (
				91C00C7525D2C72800FF97A2 /* RetouchMain */,
				91C00C8B25D2C72A00FF97A2 /* RetouchMainTests */,
				91C00C9625D2C72A00FF97A2 /* RetouchMainUITests */,
			);
		};
/* End PBXProject section */

/* Begin PBXResourcesBuildPhase section */
		91C00C7425D2C72800FF97A2 /* Resources */ = {
			isa = PBXResourcesBuildPhase;
			buildActionMask = 2147483647;
			files = (
				91C00C8625D2C72A00FF97A2 /* LaunchScreen.storyboard in Resources */,
				D1A0856F2814410F0086B60A /* Assets.xcassets in Resources */,
				D196024627F0934200DBA675 /* GoogleService-Info.plist in Resources */,
			);
			runOnlyForDeploymentPostprocessing = 0;
		};
		91C00C8A25D2C72A00FF97A2 /* Resources */ = {
			isa = PBXResourcesBuildPhase;
			buildActionMask = 2147483647;
			files = (
			);
			runOnlyForDeploymentPostprocessing = 0;
		};
		91C00C9525D2C72A00FF97A2 /* Resources */ = {
			isa = PBXResourcesBuildPhase;
			buildActionMask = 2147483647;
			files = (
			);
			runOnlyForDeploymentPostprocessing = 0;
		};
/* End PBXResourcesBuildPhase section */

/* Begin PBXSourcesBuildPhase section */
		91C00C7225D2C72800FF97A2 /* Sources */ = {
			isa = PBXSourcesBuildPhase;
			buildActionMask = 2147483647;
			files = (
				91B1E63425D7DAAA000E1486 /* MoreCoordinator.swift in Sources */,
				F43B74392A6AAFF000E05184 /* AuthCoordinator.swift in Sources */,
				91B1E60425D7D818000E1486 /* ExamplesAssemblies.swift in Sources */,
				91F47BE625D2D5EC003DF40A /* HomeAssembly.swift in Sources */,
				F43B743C2A6AB02800E05184 /* ServiceFactory.swift in Sources */,
				F43B74372A6AAFE300E05184 /* AuthAssembly.swift in Sources */,
				91B1E63025D7DA9D000E1486 /* ExamplesCoordinator.swift in Sources */,
				F4B7821E2DF07B2C00D4E5CD /* ContainerConfiguration.swift in Sources */,
				91EE31DC261F09610069327F /* ForceAppUpdateCoordinator.swift in Sources */,
				91F47C9925D2DB13003DF40A /* AppCoordinator.swift in Sources */,
				91F47C9D25D2DB48003DF40A /* MainTabBarCoordinator.swift in Sources */,
				91C00C7A25D2C72800FF97A2 /* AppDelegate.swift in Sources */,
				91F47CA125D2EFCA003DF40A /* HomeCoordinator.swift in Sources */,
				91B1E60825D7D82C000E1486 /* MoreAssembly.swift in Sources */,
				91C00C7C25D2C72800FF97A2 /* SceneDelegate.swift in Sources */,
			);
			runOnlyForDeploymentPostprocessing = 0;
		};
		91C00C8825D2C72A00FF97A2 /* Sources */ = {
			isa = PBXSourcesBuildPhase;
			buildActionMask = 2147483647;
			files = (
				91C00C9125D2C72A00FF97A2 /* RetouchMainTests.swift in Sources */,
			);
			runOnlyForDeploymentPostprocessing = 0;
		};
		91C00C9325D2C72A00FF97A2 /* Sources */ = {
			isa = PBXSourcesBuildPhase;
			buildActionMask = 2147483647;
			files = (
				91C00C9C25D2C72A00FF97A2 /* RetouchMainUITests.swift in Sources */,
			);
			runOnlyForDeploymentPostprocessing = 0;
		};
/* End PBXSourcesBuildPhase section */

/* Begin PBXTargetDependency section */
		91C00C8E25D2C72A00FF97A2 /* PBXTargetDependency */ = {
			isa = PBXTargetDependency;
			target = 91C00C7525D2C72800FF97A2 /* RetouchMain */;
			targetProxy = 91C00C8D25D2C72A00FF97A2 /* PBXContainerItemProxy */;
		};
		91C00C9925D2C72A00FF97A2 /* PBXTargetDependency */ = {
			isa = PBXTargetDependency;
			target = 91C00C7525D2C72800FF97A2 /* RetouchMain */;
			targetProxy = 91C00C9825D2C72A00FF97A2 /* PBXContainerItemProxy */;
		};
/* End PBXTargetDependency section */

/* Begin PBXVariantGroup section */
		91C00C8425D2C72A00FF97A2 /* LaunchScreen.storyboard */ = {
			isa = PBXVariantGroup;
			children = (
				91C00C8525D2C72A00FF97A2 /* Base */,
			);
			name = LaunchScreen.storyboard;
			sourceTree = "<group>";
		};
/* End PBXVariantGroup section */

/* Begin XCBuildConfiguration section */
		91C00C9E25D2C72A00FF97A2 /* Debug */ = {
			isa = XCBuildConfiguration;
			buildSettings = {
				ALWAYS_SEARCH_USER_PATHS = NO;
				CLANG_ANALYZER_NONNULL = YES;
				CLANG_ANALYZER_NUMBER_OBJECT_CONVERSION = YES_AGGRESSIVE;
				CLANG_CXX_LANGUAGE_STANDARD = "gnu++14";
				CLANG_CXX_LIBRARY = "libc++";
				CLANG_ENABLE_MODULES = YES;
				CLANG_ENABLE_OBJC_ARC = YES;
				CLANG_ENABLE_OBJC_WEAK = YES;
				CLANG_WARN_BLOCK_CAPTURE_AUTORELEASING = YES;
				CLANG_WARN_BOOL_CONVERSION = YES;
				CLANG_WARN_COMMA = YES;
				CLANG_WARN_CONSTANT_CONVERSION = YES;
				CLANG_WARN_DEPRECATED_OBJC_IMPLEMENTATIONS = YES;
				CLANG_WARN_DIRECT_OBJC_ISA_USAGE = YES_ERROR;
				CLANG_WARN_DOCUMENTATION_COMMENTS = YES;
				CLANG_WARN_EMPTY_BODY = YES;
				CLANG_WARN_ENUM_CONVERSION = YES;
				CLANG_WARN_INFINITE_RECURSION = YES;
				CLANG_WARN_INT_CONVERSION = YES;
				CLANG_WARN_NON_LITERAL_NULL_CONVERSION = YES;
				CLANG_WARN_OBJC_IMPLICIT_RETAIN_SELF = YES;
				CLANG_WARN_OBJC_LITERAL_CONVERSION = YES;
				CLANG_WARN_OBJC_ROOT_CLASS = YES_ERROR;
				CLANG_WARN_QUOTED_INCLUDE_IN_FRAMEWORK_HEADER = YES;
				CLANG_WARN_RANGE_LOOP_ANALYSIS = YES;
				CLANG_WARN_STRICT_PROTOTYPES = YES;
				CLANG_WARN_SUSPICIOUS_MOVE = YES;
				CLANG_WARN_UNGUARDED_AVAILABILITY = YES_AGGRESSIVE;
				CLANG_WARN_UNREACHABLE_CODE = YES;
				CLANG_WARN__DUPLICATE_METHOD_MATCH = YES;
				COPY_PHASE_STRIP = NO;
				DEBUG_INFORMATION_FORMAT = dwarf;
				DEVELOPMENT_TEAM = G6KD9UARPF;
				ENABLE_STRICT_OBJC_MSGSEND = YES;
				ENABLE_TESTABILITY = YES;
				ENABLE_USER_SCRIPT_SANDBOXING = YES;
				"EXCLUDED_ARCHS[sdk=*]" = "";
				GCC_C_LANGUAGE_STANDARD = gnu11;
				GCC_DYNAMIC_NO_PIC = NO;
				GCC_NO_COMMON_BLOCKS = YES;
				GCC_OPTIMIZATION_LEVEL = 0;
				GCC_PREPROCESSOR_DEFINITIONS = (
					"DEBUG=1",
					"$(inherited)",
				);
				GCC_WARN_64_TO_32_BIT_CONVERSION = YES;
				GCC_WARN_ABOUT_RETURN_TYPE = YES_ERROR;
				GCC_WARN_UNDECLARED_SELECTOR = YES;
				GCC_WARN_UNINITIALIZED_AUTOS = YES_AGGRESSIVE;
				GCC_WARN_UNUSED_FUNCTION = YES;
				GCC_WARN_UNUSED_VARIABLE = YES;
				IPHONEOS_DEPLOYMENT_TARGET = 17.6;
				MTL_ENABLE_DEBUG_INFO = INCLUDE_SOURCE;
				MTL_FAST_MATH = YES;
				ONLY_ACTIVE_ARCH = YES;
				SDKROOT = iphoneos;
				SWIFT_ACTIVE_COMPILATION_CONDITIONS = DEBUG;
				SWIFT_OPTIMIZATION_LEVEL = "-Onone";
				SWIFT_VERSION = 6.0;
			};
			name = Debug;
		};
		91C00C9F25D2C72A00FF97A2 /* Release */ = {
			isa = XCBuildConfiguration;
			buildSettings = {
				ALWAYS_SEARCH_USER_PATHS = NO;
				CLANG_ANALYZER_NONNULL = YES;
				CLANG_ANALYZER_NUMBER_OBJECT_CONVERSION = YES_AGGRESSIVE;
				CLANG_CXX_LANGUAGE_STANDARD = "gnu++14";
				CLANG_CXX_LIBRARY = "libc++";
				CLANG_ENABLE_MODULES = YES;
				CLANG_ENABLE_OBJC_ARC = YES;
				CLANG_ENABLE_OBJC_WEAK = YES;
				CLANG_WARN_BLOCK_CAPTURE_AUTORELEASING = YES;
				CLANG_WARN_BOOL_CONVERSION = YES;
				CLANG_WARN_COMMA = YES;
				CLANG_WARN_CONSTANT_CONVERSION = YES;
				CLANG_WARN_DEPRECATED_OBJC_IMPLEMENTATIONS = YES;
				CLANG_WARN_DIRECT_OBJC_ISA_USAGE = YES_ERROR;
				CLANG_WARN_DOCUMENTATION_COMMENTS = YES;
				CLANG_WARN_EMPTY_BODY = YES;
				CLANG_WARN_ENUM_CONVERSION = YES;
				CLANG_WARN_INFINITE_RECURSION = YES;
				CLANG_WARN_INT_CONVERSION = YES;
				CLANG_WARN_NON_LITERAL_NULL_CONVERSION = YES;
				CLANG_WARN_OBJC_IMPLICIT_RETAIN_SELF = YES;
				CLANG_WARN_OBJC_LITERAL_CONVERSION = YES;
				CLANG_WARN_OBJC_ROOT_CLASS = YES_ERROR;
				CLANG_WARN_QUOTED_INCLUDE_IN_FRAMEWORK_HEADER = YES;
				CLANG_WARN_RANGE_LOOP_ANALYSIS = YES;
				CLANG_WARN_STRICT_PROTOTYPES = YES;
				CLANG_WARN_SUSPICIOUS_MOVE = YES;
				CLANG_WARN_UNGUARDED_AVAILABILITY = YES_AGGRESSIVE;
				CLANG_WARN_UNREACHABLE_CODE = YES;
				CLANG_WARN__DUPLICATE_METHOD_MATCH = YES;
				COPY_PHASE_STRIP = NO;
				DEBUG_INFORMATION_FORMAT = "dwarf-with-dsym";
				DEVELOPMENT_TEAM = G6KD9UARPF;
				ENABLE_NS_ASSERTIONS = NO;
				ENABLE_STRICT_OBJC_MSGSEND = YES;
				ENABLE_TESTABILITY = YES;
				ENABLE_USER_SCRIPT_SANDBOXING = YES;
				GCC_C_LANGUAGE_STANDARD = gnu11;
				GCC_NO_COMMON_BLOCKS = YES;
				GCC_WARN_64_TO_32_BIT_CONVERSION = YES;
				GCC_WARN_ABOUT_RETURN_TYPE = YES_ERROR;
				GCC_WARN_UNDECLARED_SELECTOR = YES;
				GCC_WARN_UNINITIALIZED_AUTOS = YES_AGGRESSIVE;
				GCC_WARN_UNUSED_FUNCTION = YES;
				GCC_WARN_UNUSED_VARIABLE = YES;
				IPHONEOS_DEPLOYMENT_TARGET = 17.6;
				MTL_ENABLE_DEBUG_INFO = NO;
				MTL_FAST_MATH = YES;
				SDKROOT = iphoneos;
				SWIFT_COMPILATION_MODE = wholemodule;
				SWIFT_OPTIMIZATION_LEVEL = "-O";
				SWIFT_VERSION = 6.0;
				VALIDATE_PRODUCT = YES;
			};
			name = Release;
		};
		91C00CA125D2C72A00FF97A2 /* Debug */ = {
			isa = XCBuildConfiguration;
			buildSettings = {
				ASSETCATALOG_COMPILER_ALTERNATE_APPICON_NAMES = "";
				ASSETCATALOG_COMPILER_APPICON_NAME = AppIcon;
				ASSETCATALOG_COMPILER_GLOBAL_ACCENT_COLOR_NAME = AccentColor;
				ASSETCATALOG_COMPILER_INCLUDE_ALL_APPICON_ASSETS = NO;
				CODE_SIGN_ENTITLEMENTS = RetouchMain/RetouchMain.entitlements;
				CODE_SIGN_IDENTITY = "Apple Development";
				CODE_SIGN_STYLE = Automatic;
				CURRENT_PROJECT_VERSION = 2;
				DEBUG_INFORMATION_FORMAT = "dwarf-with-dsym";
				ENABLE_BITCODE = NO;
				INFOPLIST_FILE = RetouchMain/Info.plist;
				IPHONEOS_DEPLOYMENT_TARGET = 17.6;
				LD_RUNPATH_SEARCH_PATHS = (
					"$(inherited)",
					"@loader_path/../",
					"@executable_path/Frameworks",
					"@loader_path/Frameworks",
				);
				MARKETING_VERSION = 2.3;
				PRODUCT_BUNDLE_IDENTIFIER = com.vp.Retouch2;
				PRODUCT_NAME = "$(TARGET_NAME)";
				PROVISIONING_PROFILE_SPECIFIER = "";
				SWIFT_VERSION = 6.0;
				TARGETED_DEVICE_FAMILY = "1,2";
			};
			name = Debug;
		};
		91C00CA225D2C72A00FF97A2 /* Release */ = {
			isa = XCBuildConfiguration;
			buildSettings = {
				ASSETCATALOG_COMPILER_ALTERNATE_APPICON_NAMES = "";
				ASSETCATALOG_COMPILER_APPICON_NAME = AppIcon;
				ASSETCATALOG_COMPILER_GLOBAL_ACCENT_COLOR_NAME = AccentColor;
				ASSETCATALOG_COMPILER_INCLUDE_ALL_APPICON_ASSETS = NO;
				CODE_SIGN_ENTITLEMENTS = RetouchMain/RetouchMain.entitlements;
				CODE_SIGN_IDENTITY = "Apple Development";
				CODE_SIGN_STYLE = Automatic;
				CURRENT_PROJECT_VERSION = 2;
				ENABLE_BITCODE = NO;
				INFOPLIST_FILE = RetouchMain/Info.plist;
				IPHONEOS_DEPLOYMENT_TARGET = 17.6;
				LD_RUNPATH_SEARCH_PATHS = (
					"$(inherited)",
					"@loader_path/../",
					"@executable_path/Frameworks",
					"@loader_path/Frameworks",
				);
				MARKETING_VERSION = 2.3;
				PRODUCT_BUNDLE_IDENTIFIER = com.vp.Retouch2;
				PRODUCT_NAME = "$(TARGET_NAME)";
				PROVISIONING_PROFILE_SPECIFIER = "";
				SWIFT_VERSION = 6.0;
				TARGETED_DEVICE_FAMILY = "1,2";
			};
			name = Release;
		};
		91C00CA425D2C72A00FF97A2 /* Debug */ = {
			isa = XCBuildConfiguration;
			buildSettings = {
				BUNDLE_LOADER = "$(TEST_HOST)";
				CODE_SIGN_STYLE = Manual;
				INFOPLIST_FILE = RetouchMainTests/Info.plist;
				IPHONEOS_DEPLOYMENT_TARGET = 14.4;
				LD_RUNPATH_SEARCH_PATHS = (
					"$(inherited)",
					"@executable_path/Frameworks",
					"@loader_path/Frameworks",
				);
				PRODUCT_BUNDLE_IDENTIFIER = vp.RetouchMainTests;
				PRODUCT_NAME = "$(TARGET_NAME)";
				PROVISIONING_PROFILE_SPECIFIER = "";
				"PROVISIONING_PROFILE_SPECIFIER[sdk=macosx*]" = "";
				SWIFT_VERSION = 5.0;
				TARGETED_DEVICE_FAMILY = "1,2";
				TEST_HOST = "$(BUILT_PRODUCTS_DIR)/RetouchMain.app/RetouchMain";
			};
			name = Debug;
		};
		91C00CA525D2C72A00FF97A2 /* Release */ = {
			isa = XCBuildConfiguration;
			buildSettings = {
				BUNDLE_LOADER = "$(TEST_HOST)";
				CODE_SIGN_STYLE = Manual;
				INFOPLIST_FILE = RetouchMainTests/Info.plist;
				IPHONEOS_DEPLOYMENT_TARGET = 14.4;
				LD_RUNPATH_SEARCH_PATHS = (
					"$(inherited)",
					"@executable_path/Frameworks",
					"@loader_path/Frameworks",
				);
				PRODUCT_BUNDLE_IDENTIFIER = vp.RetouchMainTests;
				PRODUCT_NAME = "$(TARGET_NAME)";
				PROVISIONING_PROFILE_SPECIFIER = "";
				"PROVISIONING_PROFILE_SPECIFIER[sdk=macosx*]" = "";
				SWIFT_VERSION = 5.0;
				TARGETED_DEVICE_FAMILY = "1,2";
				TEST_HOST = "$(BUILT_PRODUCTS_DIR)/RetouchMain.app/RetouchMain";
			};
			name = Release;
		};
		91C00CA725D2C72A00FF97A2 /* Debug */ = {
			isa = XCBuildConfiguration;
			buildSettings = {
				CODE_SIGN_IDENTITY = "Apple Development";
				"CODE_SIGN_IDENTITY[sdk=macosx*]" = "Apple Development";
				CODE_SIGN_STYLE = Automatic;
				INFOPLIST_FILE = RetouchMainUITests/Info.plist;
				LD_RUNPATH_SEARCH_PATHS = (
					"$(inherited)",
					"@executable_path/Frameworks",
					"@loader_path/Frameworks",
				);
				PRODUCT_BUNDLE_IDENTIFIER = vp.RetouchMainUITests;
				PRODUCT_NAME = "$(TARGET_NAME)";
				PROVISIONING_PROFILE_SPECIFIER = "";
				"PROVISIONING_PROFILE_SPECIFIER[sdk=macosx*]" = "";
				SWIFT_VERSION = 5.0;
				TARGETED_DEVICE_FAMILY = "1,2";
				TEST_TARGET_NAME = RetouchMain;
			};
			name = Debug;
		};
		91C00CA825D2C72A00FF97A2 /* Release */ = {
			isa = XCBuildConfiguration;
			buildSettings = {
				CODE_SIGN_IDENTITY = "Apple Development";
				"CODE_SIGN_IDENTITY[sdk=macosx*]" = "Apple Development";
				CODE_SIGN_STYLE = Automatic;
				INFOPLIST_FILE = RetouchMainUITests/Info.plist;
				LD_RUNPATH_SEARCH_PATHS = (
					"$(inherited)",
					"@executable_path/Frameworks",
					"@loader_path/Frameworks",
				);
				PRODUCT_BUNDLE_IDENTIFIER = vp.RetouchMainUITests;
				PRODUCT_NAME = "$(TARGET_NAME)";
				PROVISIONING_PROFILE_SPECIFIER = "";
				"PROVISIONING_PROFILE_SPECIFIER[sdk=macosx*]" = "";
				SWIFT_VERSION = 5.0;
				TARGETED_DEVICE_FAMILY = "1,2";
				TEST_TARGET_NAME = RetouchMain;
			};
			name = Release;
		};
/* End XCBuildConfiguration section */

/* Begin XCConfigurationList section */
		91C00C7125D2C72800FF97A2 /* Build configuration list for PBXProject "RetouchMain" */ = {
			isa = XCConfigurationList;
			buildConfigurations = (
				91C00C9E25D2C72A00FF97A2 /* Debug */,
				91C00C9F25D2C72A00FF97A2 /* Release */,
			);
			defaultConfigurationIsVisible = 0;
			defaultConfigurationName = Release;
		};
		91C00CA025D2C72A00FF97A2 /* Build configuration list for PBXNativeTarget "RetouchMain" */ = {
			isa = XCConfigurationList;
			buildConfigurations = (
				91C00CA125D2C72A00FF97A2 /* Debug */,
				91C00CA225D2C72A00FF97A2 /* Release */,
			);
			defaultConfigurationIsVisible = 0;
			defaultConfigurationName = Release;
		};
		91C00CA325D2C72A00FF97A2 /* Build configuration list for PBXNativeTarget "RetouchMainTests" */ = {
			isa = XCConfigurationList;
			buildConfigurations = (
				91C00CA425D2C72A00FF97A2 /* Debug */,
				91C00CA525D2C72A00FF97A2 /* Release */,
			);
			defaultConfigurationIsVisible = 0;
			defaultConfigurationName = Release;
		};
		91C00CA625D2C72A00FF97A2 /* Build configuration list for PBXNativeTarget "RetouchMainUITests" */ = {
			isa = XCConfigurationList;
			buildConfigurations = (
				91C00CA725D2C72A00FF97A2 /* Debug */,
				91C00CA825D2C72A00FF97A2 /* Release */,
			);
			defaultConfigurationIsVisible = 0;
			defaultConfigurationName = Release;
		};
/* End XCConfigurationList section */

/* Begin XCRemoteSwiftPackageReference section */
		F45A1AFC2DF0744F0061EEC0 /* XCRemoteSwiftPackageReference "Factory" */ = {
			isa = XCRemoteSwiftPackageReference;
			repositoryURL = "https://github.com/hmlongco/Factory";
			requirement = {
				kind = exactVersion;
				version = 2.5.3;
			};
		};
		F4D652E92E0C17C3001E54C9 /* XCRemoteSwiftPackageReference "Factory" */ = {
			isa = XCRemoteSwiftPackageReference;
			repositoryURL = "https://github.com/hmlongco/Factory";
			requirement = {
				kind = exactVersion;
				version = 2.5.3;
			};
		};
/* End XCRemoteSwiftPackageReference section */

/* Begin XCSwiftPackageProductDependency section */
		F426BF402DF33258008A0B36 /* RetouchNetworking */ = {
			isa = XCSwiftPackageProductDependency;
			productName = RetouchNetworking;
		};
		F43941BF2E0C21350056C538 /* FactoryTesting */ = {
			isa = XCSwiftPackageProductDependency;
			package = F4D652E92E0C17C3001E54C9 /* XCRemoteSwiftPackageReference "Factory" */;
			productName = FactoryTesting;
		};
		F45A1AFD2DF0744F0061EEC0 /* Factory */ = {
			isa = XCSwiftPackageProductDependency;
			package = F45A1AFC2DF0744F0061EEC0 /* XCRemoteSwiftPackageReference "Factory" */;
			productName = Factory;
		};
		F45A1AFF2DF0744F0061EEC0 /* FactoryKit */ = {
			isa = XCSwiftPackageProductDependency;
			package = F45A1AFC2DF0744F0061EEC0 /* XCRemoteSwiftPackageReference "Factory" */;
			productName = FactoryKit;
		};
		F49023F52DF058C900A28387 /* RetouchImageLoader */ = {
			isa = XCSwiftPackageProductDependency;
			productName = RetouchImageLoader;
		};
		F4A942BE2DEF0CD200E6F516 /* RetouchNotificationBanner */ = {
			isa = XCSwiftPackageProductDependency;
			productName = RetouchNotificationBanner;
		};
		F4B7821F2DF07B5D00D4E5CD /* RetouchAnalytics */ = {
			isa = XCSwiftPackageProductDependency;
			productName = RetouchAnalytics;
		};
		F4C18E312DEF06240053841C /* RetouchAuth */ = {
			isa = XCSwiftPackageProductDependency;
			productName = RetouchAuth;
		};
		F4C18E332DEF06240053841C /* RetouchDesignSystem */ = {
			isa = XCSwiftPackageProductDependency;
			productName = RetouchDesignSystem;
		};
		F4C18E352DEF06240053841C /* RetouchDomain */ = {
			isa = XCSwiftPackageProductDependency;
			productName = RetouchDomain;
		};
		F4C18E372DEF06240053841C /* RetouchExamples */ = {
			isa = XCSwiftPackageProductDependency;
			productName = RetouchExamples;
		};
		F4C18E392DEF06240053841C /* RetouchHome */ = {
			isa = XCSwiftPackageProductDependency;
			productName = RetouchHome;
		};
		F4C18E3B2DEF06240053841C /* RetouchMore */ = {
			isa = XCSwiftPackageProductDependency;
			productName = RetouchMore;
		};
		F4C18E3D2DEF06240053841C /* RetouchUtils */ = {
			isa = XCSwiftPackageProductDependency;
			productName = RetouchUtils;
		};
/* End XCSwiftPackageProductDependency section */
	};
	rootObject = 91C00C6E25D2C72800FF97A2 /* Project object */;
}
